
Microsoft Visual Studio Solution File, Format Version 12.00
# Visual Studio Version 17
VisualStudioVersion = 17.14.36717.8
MinimumVisualStudioVersion = 10.0.40219.1
Project("{FAE04EC0-301F-11D3-BF4B-00C04F79EFBC}") = "Zaya.OCR", "src\Zaya.OCR\Zaya.OCR.csproj", "{956CA660-45F7-4740-9ADA-C43EE404A2FC}"
EndProject
Project("{FAE04EC0-301F-11D3-BF4B-00C04F79EFBC}") = "Zaya.OCR.Impl.OneOcr", "src\Zaya.OCR.Impl.OneOcr\Zaya.OCR.Impl.OneOcr.csproj", "{D18A79B5-AD6D-8D69-67B7-1FB3BEA2193A}"
EndProject
Project("{FAE04EC0-301F-11D3-BF4B-00C04F79EFBC}") = "Zaya.OCR.Tests", "tests\Zaya.OCR.Tests\Zaya.OCR.Tests.csproj", "{ECD314F4-15E9-4409-BB57-27081C2E59D5}"
EndProject
Project("{FAE04EC0-301F-11D3-BF4B-00C04F79EFBC}") = "Zaya.OCR.Impl.ProximityTextLayout", "src\Zaya.OCR.Impl.ProximityTextLayout\Zaya.OCR.Impl.ProximityTextLayout.csproj", "{0AE0F79E-21A9-4465-822C-61787ACA9B6C}"
EndProject
Project("{2150E333-8FDC-42A3-9474-1A3956D46DE8}") = "tests", "tests", "{0AB3BF05-4346-4AA6-1389-037BE0695223}"
EndProject
Project("{FAE04EC0-301F-11D3-BF4B-00C04F79EFBC}") = "Zaya.OCR.Impl.ProximityTextLayout.Tests", "tests\Zaya.OCR.Impl.ProximityTextLayout.Tests\Zaya.OCR.Impl.ProximityTextLayout.Tests.csproj", "{8118FA41-FEB0-4EB9-A961-9A09940AF039}"
EndProject
Project("{FAE04EC0-301F-11D3-BF4B-00C04F79EFBC}") = "Zaya.OCR.Impl.WindowsMediaOcr", "src\Zaya.OCR.Impl.WindowsMediaOcr\Zaya.OCR.Impl.WindowsMediaOcr.csproj", "{4A7156AA-9041-4CE8-BEDF-16CEB35A12CD}"
EndProject
Project("{2150E333-8FDC-42A3-9474-1A3956D46DE8}") = "Solution Items", "Solution Items", "{A7E3C9D1-5B42-4F8A-9E1C-2D6F0B8A4C17}"
	ProjectSection(SolutionItems) = preProject
		CHANGELOG.md = CHANGELOG.md
		Directory.Build.props = Directory.Build.props
		Directory.Build.targets = Directory.Build.targets
		README.md = README.md
	EndProjectSection
EndProject
Global
	GlobalSection(SolutionConfigurationPlatforms) = preSolution
		Debug|Any CPU = Debug|Any CPU
		Debug|x64 = Debug|x64
		Debug|x86 = Debug|x86
		Release|Any CPU = Release|Any CPU
		Release|x64 = Release|x64
		Release|x86 = Release|x86
	EndGlobalSection
	GlobalSection(ProjectConfigurationPlatforms) = postSolution
		{956CA660-45F7-4740-9ADA-C43EE404A2FC}.Debug|Any CPU.ActiveCfg = Debug|Any CPU
		{956CA660-45F7-4740-9ADA-C43EE404A2FC}.Debug|Any CPU.Build.0 = Debug|Any CPU
		{956CA660-45F7-4740-9ADA-C43EE404A2FC}.Debug|x64.ActiveCfg = Debug|Any CPU
		{956CA660-45F7-4740-9ADA-C43EE404A2FC}.Debug|x64.Build.0 = Debug|Any CPU
		{956CA660-45F7-4740-9ADA-C43EE404A2FC}.Debug|x86.ActiveCfg = Debug|Any CPU
		{956CA660-45F7-4740-9ADA-C43EE404A2FC}.Debug|x86.Build.0 = Debug|Any CPU
		{956CA660-45F7-4740-9ADA-C43EE404A2FC}.Release|Any CPU.ActiveCfg = Release|Any CPU
		{956CA660-45F7-4740-9ADA-C43EE404A2FC}.Release|Any CPU.Build.0 = Release|Any CPU
		{956CA660-45F7-4740-9ADA-C43EE404A2FC}.Release|x64.ActiveCfg = Release|Any CPU
		{956CA660-45F7-4740-9ADA-C43EE404A2FC}.Release|x64.Build.0 = Release|Any CPU
		{956CA660-45F7-4740-9ADA-C43EE404A2FC}.Release|x86.ActiveCfg = Release|Any CPU
		{956CA660-45F7-4740-9ADA-C43EE404A2FC}.Release|x86.Build.0 = Release|Any CPU
		{D18A79B5-AD6D-8D69-67B7-1FB3BEA2193A}.Debug|Any CPU.ActiveCfg = Debug|Any CPU
		{D18A79B5-AD6D-8D69-67B7-1FB3BEA2193A}.Debug|Any CPU.Build.0 = Debug|Any CPU
		{D18A79B5-AD6D-8D69-67B7-1FB3BEA2193A}.Debug|x64.ActiveCfg = Debug|Any CPU
		{D18A79B5-AD6D-8D69-67B7-1FB3BEA2193A}.Debug|x64.Build.0 = Debug|Any CPU
		{D18A79B5-AD6D-8D69-67B7-1FB3BEA2193A}.Debug|x86.ActiveCfg = Debug|Any CPU
		{D18A79B5-AD6D-8D69-67B7-1FB3BEA2193A}.Debug|x86.Build.0 = Debug|Any CPU
		{D18A79B5-AD6D-8D69-67B7-1FB3BEA2193A}.Release|Any CPU.ActiveCfg = Release|Any CPU
		{D18A79B5-AD6D-8D69-67B7-1FB3BEA2193A}.Release|Any CPU.Build.0 = Release|Any CPU
		{D18A79B5-AD6D-8D69-67B7-1FB3BEA2193A}.Release|x64.ActiveCfg = Release|Any CPU
		{D18A79B5-AD6D-8D69-67B7-1FB3BEA2193A}.Release|x64.Build.0 = Release|Any CPU
		{D18A79B5-AD6D-8D69-67B7-1FB3BEA2193A}.Release|x86.ActiveCfg = Release|Any CPU
		{D18A79B5-AD6D-8D69-67B7-1FB3BEA2193A}.Release|x86.Build.0 = Release|Any CPU
		{ECD314F4-15E9-4409-BB57-27081C2E59D5}.Debug|Any CPU.ActiveCfg = Debug|Any CPU
		{ECD314F4-15E9-4409-BB57-27081C2E59D5}.Debug|Any CPU.Build.0 = Debug|Any CPU
		{ECD314F4-15E9-4409-BB57-27081C2E59D5}.Debug|x64.ActiveCfg = Debug|Any CPU
		{ECD314F4-15E9-4409-BB57-27081C2E59D5}.Debug|x64.Build.0 = Debug|Any CPU
		{ECD314F4-15E9-4409-BB57-27081C2E59D5}.Debug|x86.ActiveCfg = Debug|Any CPU
		{ECD314F4-15E9-4409-BB57-27081C2E59D5}.Debug|x86.Build.0 = Debug|Any CPU
		{ECD314F4-15E9-4409-BB57-27081C2E59D5}.Release|Any CPU.ActiveCfg = Release|Any CPU
		{ECD314F4-15E9-4409-BB57-27081C2E59D5}.Release|Any CPU.Build.0 = Release|Any CPU
		{ECD314F4-15E9-4409-BB57-27081C2E59D5}.Release|x64.ActiveCfg = Release|Any CPU
		{ECD314F4-15E9-4409-BB57-27081C2E59D5}.Release|x64.Build.0 = Release|Any CPU
		{ECD314F4-15E9-4409-BB57-27081C2E59D5}.Release|x86.ActiveCfg = Release|Any CPU
		{ECD314F4-15E9-4409-BB57-27081C2E59D5}.Release|x86.Build.0 = Release|Any CPU
		{0AE0F79E-21A9-4465-822C-61787ACA9B6C}.Debug|Any CPU.ActiveCfg = Debug|Any CPU
		{0AE0F79E-21A9-4465-822C-61787ACA9B6C}.Debug|Any CPU.Build.0 = Debug|Any CPU
		{0AE0F79E-21A9-4465-822C-61787ACA9B6C}.Debug|x64.ActiveCfg = Debug|Any CPU
		{0AE0F79E-21A9-4465-822C-61787ACA9B6C}.Debug|x64.Build.0 = Debug|Any CPU
		{0AE0F79E-21A9-4465-822C-61787ACA9B6C}.Debug|x86.ActiveCfg = Debug|Any CPU
		{0AE0F79E-21A9-4465-822C-61787ACA9B6C}.Debug|x86.Build.0 = Debug|Any CPU
		{0AE0F79E-21A9-4465-822C-61787ACA9B6C}.Release|Any CPU.ActiveCfg = Release|Any CPU
		{0AE0F79E-21A9-4465-822C-61787ACA9B6C}.Release|Any CPU.Build.0 = Release|Any CPU
		{0AE0F79E-21A9-4465-822C-61787ACA9B6C}.Release|x64.ActiveCfg = Release|Any CPU
		{0AE0F79E-21A9-4465-822C-61787ACA9B6C}.Release|x64.Build.0 = Release|Any CPU
		{0AE0F79E-21A9-4465-822C-61787ACA9B6C}.Release|x86.ActiveCfg = Release|Any CPU
		{0AE0F79E-21A9-4465-822C-61787ACA9B6C}.Release|x86.Build.0 = Release|Any CPU
		{8118FA41-FEB0-4EB9-A961-9A09940AF039}.Debug|Any CPU.ActiveCfg = Debug|Any CPU
		{8118FA41-FEB0-4EB9-A961-9A09940AF039}.Debug|Any CPU.Build.0 = Debug|Any CPU
		{8118FA41-FEB0-4EB9-A961-9A09940AF039}.Debug|x64.ActiveCfg = Debug|Any CPU
		{8118FA41-FEB0-4EB9-A961-9A09940AF039}.Debug|x64.Build.0 = Debug|Any CPU
		{8118FA41-FEB0-4EB9-A961-9A09940AF039}.Debug|x86.ActiveCfg = Debug|Any CPU
		{8118FA41-FEB0-4EB9-A961-9A09940AF039}.Debug|x86.Build.0 = Debug|Any CPU
		{8118FA41-FEB0-4EB9-A961-9A09940AF039}.Release|Any CPU.ActiveCfg = Release|Any CPU
		{8118FA41-FEB0-4EB9-A961-9A09940AF039}.Release|Any CPU.Build.0 = Release|Any CPU
		{8118FA41-FEB0-4EB9-A961-9A09940AF039}.Release|x64.ActiveCfg = Release|Any CPU
		{8118FA41-FEB0-4EB9-A961-9A09940AF039}.Release|x64.Build.0 = Release|Any CPU
		{8118FA41-FEB0-4EB9-A961-9A09940AF039}.Release|x86.ActiveCfg = Release|Any CPU
		{8118FA41-FEB0-4EB9-A961-9A09940AF039}.Release|x86.Build.0 = Release|Any CPU
		{4A7156AA-9041-4CE8-BEDF-16CEB35A12CD}.Debug|Any CPU.ActiveCfg = Debug|Any CPU
		{4A7156AA-9041-4CE8-BEDF-16CEB35A12CD}.Debug|Any CPU.Build.0 = Debug|Any CPU
		{4A7156AA-9041-4CE8-BEDF-16CEB35A12CD}.Debug|x64.ActiveCfg = Debug|Any CPU
		{4A7156AA-9041-4CE8-BEDF-16CEB35A12CD}.Debug|x64.Build.0 = Debug|Any CPU
		{4A7156AA-9041-4CE8-BEDF-16CEB35A12CD}.Debug|x86.ActiveCfg = Debug|Any CPU
		{4A7156AA-9041-4CE8-BEDF-16CEB35A12CD}.Debug|x86.Build.0 = Debug|Any CPU
		{4A7156AA-9041-4CE8-BEDF-16CEB35A12CD}.Release|Any CPU.ActiveCfg = Release|Any CPU
		{4A7156AA-9041-4CE8-BEDF-16CEB35A12CD}.Release|Any CPU.Build.0 = Release|Any CPU
		{4A7156AA-9041-4CE8-BEDF-16CEB35A12CD}.Release|x64.ActiveCfg = Release|Any CPU
		{4A7156AA-9041-4CE8-BEDF-16CEB35A12CD}.Release|x64.Build.0 = Release|Any CPU
		{4A7156AA-9041-4CE8-BEDF-16CEB35A12CD}.Release|x86.ActiveCfg = Release|Any CPU
		{4A7156AA-9041-4CE8-BEDF-16CEB35A12CD}.Release|x86.Build.0 = Release|Any CPU
	EndGlobalSection
	GlobalSection(SolutionProperties) = preSolution
		HideSolutionNode = FALSE
	EndGlobalSection
	GlobalSection(NestedProjects) = preSolution
		{ECD314F4-15E9-4409-BB57-27081C2E59D5} = {0AB3BF05-4346-4AA6-1389-037BE0695223}
		{8118FA41-FEB0-4EB9-A961-9A09940AF039} = {0AB3BF05-4346-4AA6-1389-037BE0695223}
	EndGlobalSection
	GlobalSection(ExtensibilityGlobals) = postSolution
		SolutionGuid = {1D79F8EE-8067-45D1-9409-4B712A517EF7}
	EndGlobalSection
EndGlobal
